
Microsoft Visual Studio Solution File, Format Version 12.00
# Visual Studio Version 16
VisualStudioVersion = 16.0.29519.181
MinimumVisualStudioVersion = 10.0.40219.1
Project("{F184B08F-C81C-45F6-A57F-5ABD9991F28F}") = "Umbraco830", "Umbraco830\Umbraco830.vbproj", "{3CF6B4C3-665E-48C7-B6D3-EA0FA4AE2ECB}"
EndProject
Global
	GlobalSection(SolutionConfigurationPlatforms) = preSolution
		Debug|Any CPU = Debug|Any CPU
		Release|Any CPU = Release|Any CPU
	EndGlobalSection
	GlobalSection(ProjectConfigurationPlatforms) = postSolution
		{3CF6B4C3-665E-48C7-B6D3-EA0FA4AE2ECB}.Debug|Any CPU.ActiveCfg = Debug|Any CPU
		{3CF6B4C3-665E-48C7-B6D3-EA0FA4AE2ECB}.Debug|Any CPU.Build.0 = Debug|Any CPU
		{3CF6B4C3-665E-48C7-B6D3-EA0FA4AE2ECB}.Release|Any CPU.ActiveCfg = Release|Any CPU
		{3CF6B4C3-665E-48C7-B6D3-EA0FA4AE2ECB}.Release|Any CPU.Build.0 = Release|Any CPU
	EndGlobalSection
	GlobalSection(SolutionProperties) = preSolution
		HideSolutionNode = FALSE
	EndGlobalSection
	GlobalSection(ExtensibilityGlobals) = postSolution
		SolutionGuid = {EA9ADA5B-1437-4E2C-9935-B11C1E504362}
	EndGlobalSection
EndGlobal
